// !$*UTF8*$!
{
	archiveVersion = 1;
	classes = {
	};
	objectVersion = 46;
	objects = {

/* Begin PBXBuildFile section */
		09BCDFA4A6C5EA789A39CF64 /* Pods_Flicks.framework in Frameworks */ = {isa = PBXBuildFile; fileRef = E157ED52B980B15134E53677 /* Pods_Flicks.framework */; };
		49BE47651EDE2E2A007B3134 /* DetailViewController.swift in Sources */ = {isa = PBXBuildFile; fileRef = 49BE47641EDE2E2A007B3134 /* DetailViewController.swift */; };
		49D1F2841EDBC97E00444594 /* AppDelegate.swift in Sources */ = {isa = PBXBuildFile; fileRef = 49D1F2831EDBC97E00444594 /* AppDelegate.swift */; };
		49D1F2891EDBC97E00444594 /* Main.storyboard in Resources */ = {isa = PBXBuildFile; fileRef = 49D1F2871EDBC97E00444594 /* Main.storyboard */; };
		49D1F28B1EDBC97E00444594 /* Assets.xcassets in Resources */ = {isa = PBXBuildFile; fileRef = 49D1F28A1EDBC97E00444594 /* Assets.xcassets */; };
		49D1F28E1EDBC97E00444594 /* LaunchScreen.storyboard in Resources */ = {isa = PBXBuildFile; fileRef = 49D1F28C1EDBC97E00444594 /* LaunchScreen.storyboard */; };
		49D1F2BC1EDBF31100444594 /* MoviesViewController.swift in Sources */ = {isa = PBXBuildFile; fileRef = 49D1F2BB1EDBF31100444594 /* MoviesViewController.swift */; };
		49D1F2BF1EDC9D6B00444594 /* MovieCell.swift in Sources */ = {isa = PBXBuildFile; fileRef = 49D1F2BE1EDC9D6B00444594 /* MovieCell.swift */; };
/* End PBXBuildFile section */

/* Begin PBXFileReference section */
		49BE47641EDE2E2A007B3134 /* DetailViewController.swift */ = {isa = PBXFileReference; fileEncoding = 4; lastKnownFileType = sourcecode.swift; path = DetailViewController.swift; sourceTree = "<group>"; };
		49D1F2801EDBC97E00444594 /* Flicks.app */ = {isa = PBXFileReference; explicitFileType = wrapper.application; includeInIndex = 0; path = Flicks.app; sourceTree = BUILT_PRODUCTS_DIR; };
		49D1F2831EDBC97E00444594 /* AppDelegate.swift */ = {isa = PBXFileReference; lastKnownFileType = sourcecode.swift; path = AppDelegate.swift; sourceTree = "<group>"; };
		49D1F2881EDBC97E00444594 /* Base */ = {isa = PBXFileReference; lastKnownFileType = file.storyboard; name = Base; path = Base.lproj/Main.storyboard; sourceTree = "<group>"; };
		49D1F28A1EDBC97E00444594 /* Assets.xcassets */ = {isa = PBXFileReference; lastKnownFileType = folder.assetcatalog; path = Assets.xcassets; sourceTree = "<group>"; };
		49D1F28D1EDBC97E00444594 /* Base */ = {isa = PBXFileReference; lastKnownFileType = file.storyboard; name = Base; path = Base.lproj/LaunchScreen.storyboard; sourceTree = "<group>"; };
		49D1F28F1EDBC97E00444594 /* Info.plist */ = {isa = PBXFileReference; lastKnownFileType = text.plist.xml; path = Info.plist; sourceTree = "<group>"; };
		49D1F2BB1EDBF31100444594 /* MoviesViewController.swift */ = {isa = PBXFileReference; fileEncoding = 4; lastKnownFileType = sourcecode.swift; path = MoviesViewController.swift; sourceTree = "<group>"; };
		49D1F2BE1EDC9D6B00444594 /* MovieCell.swift */ = {isa = PBXFileReference; fileEncoding = 4; lastKnownFileType = sourcecode.swift; path = MovieCell.swift; sourceTree = "<group>"; };
		91A3D0528766F38AA7D7451D /* Pods-Flicks.release.xcconfig */ = {isa = PBXFileReference; includeInIndex = 1; lastKnownFileType = text.xcconfig; name = "Pods-Flicks.release.xcconfig"; path = "Pods/Target Support Files/Pods-Flicks/Pods-Flicks.release.xcconfig"; sourceTree = "<group>"; };
		E157ED52B980B15134E53677 /* Pods_Flicks.framework */ = {isa = PBXFileReference; explicitFileType = wrapper.framework; includeInIndex = 0; path = Pods_Flicks.framework; sourceTree = BUILT_PRODUCTS_DIR; };
		F62088AAB76BE5FD00145223 /* Pods-Flicks.debug.xcconfig */ = {isa = PBXFileReference; includeInIndex = 1; lastKnownFileType = text.xcconfig; name = "Pods-Flicks.debug.xcconfig"; path = "Pods/Target Support Files/Pods-Flicks/Pods-Flicks.debug.xcconfig"; sourceTree = "<group>"; };
/* End PBXFileReference section */

/* Begin PBXFrameworksBuildPhase section */
		49D1F27D1EDBC97E00444594 /* Frameworks */ = {
			isa = PBXFrameworksBuildPhase;
			buildActionMask = 2147483647;
			files = (
				09BCDFA4A6C5EA789A39CF64 /* Pods_Flicks.framework in Frameworks */,
			);
			runOnlyForDeploymentPostprocessing = 0;
		};
/* End PBXFrameworksBuildPhase section */

/* Begin PBXGroup section */
		49D1F2771EDBC97E00444594 = {
			isa = PBXGroup;
			children = (
				49D1F2821EDBC97E00444594 /* Flicks */,
				49D1F2811EDBC97E00444594 /* Products */,
				A37045722596DD7ADB6AA755 /* Pods */,
				4AC007FEACEAD960F0163E41 /* Frameworks */,
			);
			sourceTree = "<group>";
		};
		49D1F2811EDBC97E00444594 /* Products */ = {
			isa = PBXGroup;
			children = (
				49D1F2801EDBC97E00444594 /* Flicks.app */,
			);
			name = Products;
			sourceTree = "<group>";
		};
		49D1F2821EDBC97E00444594 /* Flicks */ = {
			isa = PBXGroup;
			children = (
				49D1F2C01EDC9D7100444594 /* View Controllers */,
				49D1F2BD1EDC9D4600444594 /* Views */,
				49D1F2831EDBC97E00444594 /* AppDelegate.swift */,
				49D1F2871EDBC97E00444594 /* Main.storyboard */,
				49D1F28A1EDBC97E00444594 /* Assets.xcassets */,
				49D1F28C1EDBC97E00444594 /* LaunchScreen.storyboard */,
				49D1F28F1EDBC97E00444594 /* Info.plist */,
			);
			path = Flicks;
			sourceTree = "<group>";
		};
		49D1F2BD1EDC9D4600444594 /* Views */ = {
			isa = PBXGroup;
			children = (
				49D1F2BE1EDC9D6B00444594 /* MovieCell.swift */,
			);
			name = Views;
			sourceTree = "<group>";
		};
		49D1F2C01EDC9D7100444594 /* View Controllers */ = {
			isa = PBXGroup;
			children = (
				49D1F2BB1EDBF31100444594 /* MoviesViewController.swift */,
				49BE47641EDE2E2A007B3134 /* DetailViewController.swift */,
			);
			name = "View Controllers";
			sourceTree = "<group>";
		};
		4AC007FEACEAD960F0163E41 /* Frameworks */ = {
			isa = PBXGroup;
			children = (
				E157ED52B980B15134E53677 /* Pods_Flicks.framework */,
			);
			name = Frameworks;
			sourceTree = "<group>";
		};
		A37045722596DD7ADB6AA755 /* Pods */ = {
			isa = PBXGroup;
			children = (
				F62088AAB76BE5FD00145223 /* Pods-Flicks.debug.xcconfig */,
				91A3D0528766F38AA7D7451D /* Pods-Flicks.release.xcconfig */,
			);
			name = Pods;
			sourceTree = "<group>";
		};
/* End PBXGroup section */

/* Begin PBXNativeTarget section */
		49D1F27F1EDBC97E00444594 /* Flicks */ = {
			isa = PBXNativeTarget;
			buildConfigurationList = 49D1F2921EDBC97E00444594 /* Build configuration list for PBXNativeTarget "Flicks" */;
			buildPhases = (
				D5C851630ACD601C83AC76E7 /* [CP] Check Pods Manifest.lock */,
				49D1F27C1EDBC97E00444594 /* Sources */,
				49D1F27D1EDBC97E00444594 /* Frameworks */,
				49D1F27E1EDBC97E00444594 /* Resources */,
				539BB9F7DBC771322A77985C /* [CP] Embed Pods Frameworks */,
				CF213664758CACA33A663C75 /* [CP] Copy Pods Resources */,
			);
			buildRules = (
			);
			dependencies = (
			);
			name = Flicks;
			productName = Flicks;
			productReference = 49D1F2801EDBC97E00444594 /* Flicks.app */;
			productType = "com.apple.product-type.application";
		};
/* End PBXNativeTarget section */

/* Begin PBXProject section */
		49D1F2781EDBC97E00444594 /* Project object */ = {
			isa = PBXProject;
			attributes = {
				LastSwiftUpdateCheck = 0830;
				LastUpgradeCheck = 0830;
				ORGANIZATIONNAME = "John Zoldos";
				TargetAttributes = {
					49D1F27F1EDBC97E00444594 = {
						CreatedOnToolsVersion = 8.3.2;
						ProvisioningStyle = Automatic;
					};
				};
			};
			buildConfigurationList = 49D1F27B1EDBC97E00444594 /* Build configuration list for PBXProject "Flicks" */;
			compatibilityVersion = "Xcode 3.2";
			developmentRegion = English;
			hasScannedForEncodings = 0;
			knownRegions = (
				en,
				Base,
			);
			mainGroup = 49D1F2771EDBC97E00444594;
			productRefGroup = 49D1F2811EDBC97E00444594 /* Products */;
			projectDirPath = "";
			projectRoot = "";
			targets = (
				49D1F27F1EDBC97E00444594 /* Flicks */,
			);
		};
/* End PBXProject section */

/* Begin PBXResourcesBuildPhase section */
		49D1F27E1EDBC97E00444594 /* Resources */ = {
			isa = PBXResourcesBuildPhase;
			buildActionMask = 2147483647;
			files = (
				49D1F28E1EDBC97E00444594 /* LaunchScreen.storyboard in Resources */,
				49D1F28B1EDBC97E00444594 /* Assets.xcassets in Resources */,
				49D1F2891EDBC97E00444594 /* Main.storyboard in Resources */,
			);
			runOnlyForDeploymentPostprocessing = 0;
		};
/* End PBXResourcesBuildPhase section */

/* Begin PBXShellScriptBuildPhase section */
		539BB9F7DBC771322A77985C /* [CP] Embed Pods Frameworks */ = {
			isa = PBXShellScriptBuildPhase;
			buildActionMask = 2147483647;
			files = (
			);
			inputPaths = (
			);
			name = "[CP] Embed Pods Frameworks";
			outputPaths = (
			);
			runOnlyForDeploymentPostprocessing = 0;
			shellPath = /bin/sh;
			shellScript = "\"${SRCROOT}/Pods/Target Support Files/Pods-Flicks/Pods-Flicks-frameworks.sh\"\n";
			showEnvVarsInLog = 0;
		};
		CF213664758CACA33A663C75 /* [CP] Copy Pods Resources */ = {
			isa = PBXShellScriptBuildPhase;
			buildActionMask = 2147483647;
			files = (
			);
			inputPaths = (
			);
			name = "[CP] Copy Pods Resources";
			outputPaths = (
			);
			runOnlyForDeploymentPostprocessing = 0;
			shellPath = /bin/sh;
			shellScript = "\"${SRCROOT}/Pods/Target Support Files/Pods-Flicks/Pods-Flicks-resources.sh\"\n";
			showEnvVarsInLog = 0;
		};
		D5C851630ACD601C83AC76E7 /* [CP] Check Pods Manifest.lock */ = {
			isa = PBXShellScriptBuildPhase;
			buildActionMask = 2147483647;
			files = (
			);
			inputPaths = (
			);
			name = "[CP] Check Pods Manifest.lock";
			outputPaths = (
			);
			runOnlyForDeploymentPostprocessing = 0;
			shellPath = /bin/sh;
			shellScript = "diff \"${PODS_PODFILE_DIR_PATH}/Podfile.lock\" \"${PODS_ROOT}/Manifest.lock\" > /dev/null\nif [ $? != 0 ] ; then\n    # print error to STDERR\n    echo \"error: The sandbox is not in sync with the Podfile.lock. Run 'pod install' or update your CocoaPods installation.\" >&2\n    exit 1\nfi\n";
			showEnvVarsInLog = 0;
		};
/* End PBXShellScriptBuildPhase section */

/* Begin PBXSourcesBuildPhase section */
		49D1F27C1EDBC97E00444594 /* Sources */ = {
			isa = PBXSourcesBuildPhase;
			buildActionMask = 2147483647;
			files = (
				49D1F2841EDBC97E00444594 /* AppDelegate.swift in Sources */,
				49D1F2BC1EDBF31100444594 /* MoviesViewController.swift in Sources */,
				49D1F2BF1EDC9D6B00444594 /* MovieCell.swift in Sources */,
				49BE47651EDE2E2A007B3134 /* DetailViewController.swift in Sources */,
			);
			runOnlyForDeploymentPostprocessing = 0;
		};
/* End PBXSourcesBuildPhase section */

/* Begin PBXVariantGroup section */
		49D1F2871EDBC97E00444594 /* Main.storyboard */ = {
			isa = PBXVariantGroup;
			children = (
				49D1F2881EDBC97E00444594 /* Base */,
			);
			name = Main.storyboard;
			sourceTree = "<group>";
		};
		49D1F28C1EDBC97E00444594 /* LaunchScreen.storyboard */ = {
			isa = PBXVariantGroup;
			children = (
				49D1F28D1EDBC97E00444594 /* Base */,
			);
			name = LaunchScreen.storyboard;
			sourceTree = "<group>";
		};
/* End PBXVariantGroup section */

/* Begin XCBuildConfiguration section */
		49D1F2901EDBC97E00444594 /* Debug */ = {
			isa = XCBuildConfiguration;
			buildSettings = {
				ALWAYS_SEARCH_USER_PATHS = NO;
				CLANG_ANALYZER_NONNULL = YES;
				CLANG_ANALYZER_NUMBER_OBJECT_CONVERSION = YES_AGGRESSIVE;
				CLANG_CXX_LANGUAGE_STANDARD = "gnu++0x";
				CLANG_CXX_LIBRARY = "libc++";
				CLANG_ENABLE_MODULES = YES;
				CLANG_ENABLE_OBJC_ARC = YES;
				CLANG_WARN_BOOL_CONVERSION = YES;
				CLANG_WARN_CONSTANT_CONVERSION = YES;
				CLANG_WARN_DIRECT_OBJC_ISA_USAGE = YES_ERROR;
				CLANG_WARN_DOCUMENTATION_COMMENTS = YES;
				CLANG_WARN_EMPTY_BODY = YES;
				CLANG_WARN_ENUM_CONVERSION = YES;
				CLANG_WARN_INFINITE_RECURSION = YES;
				CLANG_WARN_INT_CONVERSION = YES;
				CLANG_WARN_OBJC_ROOT_CLASS = YES_ERROR;
				CLANG_WARN_SUSPICIOUS_MOVE = YES;
				CLANG_WARN_UNREACHABLE_CODE = YES;
				CLANG_WARN__DUPLICATE_METHOD_MATCH = YES;
				"CODE_SIGN_IDENTITY[sdk=iphoneos*]" = "iPhone Developer";
				COPY_PHASE_STRIP = NO;
				DEBUG_INFORMATION_FORMAT = dwarf;
				ENABLE_STRICT_OBJC_MSGSEND = YES;
				ENABLE_TESTABILITY = YES;
				GCC_C_LANGUAGE_STANDARD = gnu99;
				GCC_DYNAMIC_NO_PIC = NO;
				GCC_NO_COMMON_BLOCKS = YES;
				GCC_OPTIMIZATION_LEVEL = 0;
				GCC_PREPROCESSOR_DEFINITIONS = (
					"DEBUG=1",
					"$(inherited)",
				);
				GCC_WARN_64_TO_32_BIT_CONVERSION = YES;
				GCC_WARN_ABOUT_RETURN_TYPE = YES_ERROR;
				GCC_WARN_UNDECLARED_SELECTOR = YES;
				GCC_WARN_UNINITIALIZED_AUTOS = YES_AGGRESSIVE;
				GCC_WARN_UNUSED_FUNCTION = YES;
				GCC_WARN_UNUSED_VARIABLE = YES;
				IPHONEOS_DEPLOYMENT_TARGET = 10.3;
				MTL_ENABLE_DEBUG_INFO = YES;
				ONLY_ACTIVE_ARCH = YES;
				SDKROOT = iphoneos;
				SWIFT_ACTIVE_COMPILATION_CONDITIONS = DEBUG;
				SWIFT_OPTIMIZATION_LEVEL = "-Onone";
				TARGETED_DEVICE_FAMILY = "1,2";
			};
			name = Debug;
		};
		49D1F2911EDBC97E00444594 /* Release */ = {
			isa = XCBuildConfiguration;
			buildSettings = {
				ALWAYS_SEARCH_USER_PATHS = NO;
				CLANG_ANALYZER_NONNULL = YES;
				CLANG_ANALYZER_NUMBER_OBJECT_CONVERSION = YES_AGGRESSIVE;
				CLANG_CXX_LANGUAGE_STANDARD = "gnu++0x";
				CLANG_CXX_LIBRARY = "libc++";
				CLANG_ENABLE_MODULES = YES;
				CLANG_ENABLE_OBJC_ARC = YES;
				CLANG_WARN_BOOL_CONVERSION = YES;
				CLANG_WARN_CONSTANT_CONVERSION = YES;
				CLANG_WARN_DIRECT_OBJC_ISA_USAGE = YES_ERROR;
				CLANG_WARN_DOCUMENTATION_COMMENTS = YES;
				CLANG_WARN_EMPTY_BODY = YES;
				CLANG_WARN_ENUM_CONVERSION = YES;
				CLANG_WARN_INFINITE_RECURSION = YES;
				CLANG_WARN_INT_CONVERSION = YES;
				CLANG_WARN_OBJC_ROOT_CLASS = YES_ERROR;
				CLANG_WARN_SUSPICIOUS_MOVE = YES;
				CLANG_WARN_UNREACHABLE_CODE = YES;
				CLANG_WARN__DUPLICATE_METHOD_MATCH = YES;
				"CODE_SIGN_IDENTITY[sdk=iphoneos*]" = "iPhone Developer";
				COPY_PHASE_STRIP = NO;
				DEBUG_INFORMATION_FORMAT = "dwarf-with-dsym";
				ENABLE_NS_ASSERTIONS = NO;
				ENABLE_STRICT_OBJC_MSGSEND = YES;
				GCC_C_LANGUAGE_STANDARD = gnu99;
				GCC_NO_COMMON_BLOCKS = YES;
				GCC_WARN_64_TO_32_BIT_CONVERSION = YES;
				GCC_WARN_ABOUT_RETURN_TYPE = YES_ERROR;
				GCC_WARN_UNDECLARED_SELECTOR = YES;
				GCC_WARN_UNINITIALIZED_AUTOS = YES_AGGRESSIVE;
				GCC_WARN_UNUSED_FUNCTION = YES;
				GCC_WARN_UNUSED_VARIABLE = YES;
				IPHONEOS_DEPLOYMENT_TARGET = 10.3;
				MTL_ENABLE_DEBUG_INFO = NO;
				SDKROOT = iphoneos;
				SWIFT_OPTIMIZATION_LEVEL = "-Owholemodule";
				TARGETED_DEVICE_FAMILY = "1,2";
				VALIDATE_PRODUCT = YES;
			};
			name = Release;
		};
		49D1F2931EDBC97E00444594 /* Debug */ = {
			isa = XCBuildConfiguration;
			baseConfigurationReference = F62088AAB76BE5FD00145223 /* Pods-Flicks.debug.xcconfig */;
			buildSettings = {
				ASSETCATALOG_COMPILER_APPICON_NAME = AppIcon;
				INFOPLIST_FILE = Flicks/Info.plist;
				LD_RUNPATH_SEARCH_PATHS = "$(inherited) @executable_path/Frameworks";
				PRODUCT_BUNDLE_IDENTIFIER = com.jzoldos.Flicks;
				PRODUCT_NAME = "$(TARGET_NAME)";
				SWIFT_VERSION = 3.0;
			};
			name = Debug;
		};
		49D1F2941EDBC97E00444594 /* Release */ = {
			isa = XCBuildConfiguration;
			baseConfigurationReference = 91A3D0528766F38AA7D7451D /* Pods-Flicks.release.xcconfig */;
			buildSettings = {
				ASSETCATALOG_COMPILER_APPICON_NAME = AppIcon;
				INFOPLIST_FILE = Flicks/Info.plist;
				LD_RUNPATH_SEARCH_PATHS = "$(inherited) @executable_path/Frameworks";
				PRODUCT_BUNDLE_IDENTIFIER = com.jzoldos.Flicks;
				PRODUCT_NAME = "$(TARGET_NAME)";
				SWIFT_VERSION = 3.0;
			};
			name = Release;
		};
/* End XCBuildConfiguration section */

/* Begin XCConfigurationList section */
		49D1F27B1EDBC97E00444594 /* Build configuration list for PBXProject "Flicks" */ = {
			isa = XCConfigurationList;
			buildConfigurations = (
				49D1F2901EDBC97E00444594 /* Debug */,
				49D1F2911EDBC97E00444594 /* Release */,
			);
			defaultConfigurationIsVisible = 0;
			defaultConfigurationName = Release;
		};
		49D1F2921EDBC97E00444594 /* Build configuration list for PBXNativeTarget "Flicks" */ = {
			isa = XCConfigurationList;
			buildConfigurations = (
				49D1F2931EDBC97E00444594 /* Debug */,
				49D1F2941EDBC97E00444594 /* Release */,
			);
			defaultConfigurationIsVisible = 0;
			defaultConfigurationName = Release;
		};
/* End XCConfigurationList section */
	};
	rootObject = 49D1F2781EDBC97E00444594 /* Project object */;
}
